// !$*UTF8*$!
{
	archiveVersion = 1;
	classes = {
	};
	objectVersion = 56;
	objects = {

/* Begin PBXBuildFile section */
		910219A72BAEE2FC00490492 /* bevolvAppApp.swift in Sources */ = {isa = PBXBuildFile; fileRef = 910219A62BAEE2FC00490492 /* bevolvAppApp.swift */; };
		910219A92BAEE2FC00490492 /* ContentView.swift in Sources */ = {isa = PBXBuildFile; fileRef = 910219A82BAEE2FC00490492 /* ContentView.swift */; };
		910219AB2BAEE2FC00490492 /* detailedView.swift in Sources */ = {isa = PBXBuildFile; fileRef = 910219AA2BAEE2FC00490492 /* detailedView.swift */; };
		910219AD2BAEE2FE00490492 /* Assets.xcassets in Resources */ = {isa = PBXBuildFile; fileRef = 910219AC2BAEE2FE00490492 /* Assets.xcassets */; };
		910219B02BAEE2FE00490492 /* Preview Assets.xcassets in Resources */ = {isa = PBXBuildFile; fileRef = 910219AF2BAEE2FE00490492 /* Preview Assets.xcassets */; };
		910219BA2BAEE2FE00490492 /* bevolvAppTests.swift in Sources */ = {isa = PBXBuildFile; fileRef = 910219B92BAEE2FE00490492 /* bevolvAppTests.swift */; };
		910219C42BAEE2FE00490492 /* bevolvAppUITests.swift in Sources */ = {isa = PBXBuildFile; fileRef = 910219C32BAEE2FE00490492 /* bevolvAppUITests.swift */; };
		910219C62BAEE2FE00490492 /* bevolvAppUITestsLaunchTests.swift in Sources */ = {isa = PBXBuildFile; fileRef = 910219C52BAEE2FE00490492 /* bevolvAppUITestsLaunchTests.swift */; };
		911335142BB17BCE0048BECB /* Model.swift in Sources */ = {isa = PBXBuildFile; fileRef = 911335132BB17BCE0048BECB /* Model.swift */; };
		911335162BB17BEA0048BECB /* CircleImage.swift in Sources */ = {isa = PBXBuildFile; fileRef = 911335152BB17BEA0048BECB /* CircleImage.swift */; };
		911335182BB17C360048BECB /* ViewModel.swift in Sources */ = {isa = PBXBuildFile; fileRef = 911335172BB17C360048BECB /* ViewModel.swift */; };
/* End PBXBuildFile section */

/* Begin PBXContainerItemProxy section */
		910219B62BAEE2FE00490492 /* PBXContainerItemProxy */ = {
			isa = PBXContainerItemProxy;
			containerPortal = 9102199B2BAEE2FC00490492 /* Project object */;
			proxyType = 1;
			remoteGlobalIDString = 910219A22BAEE2FC00490492;
			remoteInfo = bevolvApp;
		};
		910219C02BAEE2FE00490492 /* PBXContainerItemProxy */ = {
			isa = PBXContainerItemProxy;
			containerPortal = 9102199B2BAEE2FC00490492 /* Project object */;
			proxyType = 1;
			remoteGlobalIDString = 910219A22BAEE2FC00490492;
			remoteInfo = bevolvApp;
		};
/* End PBXContainerItemProxy section */

/* Begin PBXFileReference section */
		910219A32BAEE2FC00490492 /* bevolvApp.app */ = {isa = PBXFileReference; explicitFileType = wrapper.application; includeInIndex = 0; path = bevolvApp.app; sourceTree = BUILT_PRODUCTS_DIR; };
		910219A62BAEE2FC00490492 /* bevolvAppApp.swift */ = {isa = PBXFileReference; lastKnownFileType = sourcecode.swift; path = bevolvAppApp.swift; sourceTree = "<group>"; };
		910219A82BAEE2FC00490492 /* ContentView.swift */ = {isa = PBXFileReference; lastKnownFileType = sourcecode.swift; path = ContentView.swift; sourceTree = "<group>"; };
		910219AA2BAEE2FC00490492 /* detailedView.swift */ = {isa = PBXFileReference; lastKnownFileType = sourcecode.swift; path = detailedView.swift; sourceTree = "<group>"; };
		910219AC2BAEE2FE00490492 /* Assets.xcassets */ = {isa = PBXFileReference; lastKnownFileType = folder.assetcatalog; path = Assets.xcassets; sourceTree = "<group>"; };
		910219AF2BAEE2FE00490492 /* Preview Assets.xcassets */ = {isa = PBXFileReference; lastKnownFileType = folder.assetcatalog; path = "Preview Assets.xcassets"; sourceTree = "<group>"; };
		910219B52BAEE2FE00490492 /* bevolvAppTests.xctest */ = {isa = PBXFileReference; explicitFileType = wrapper.cfbundle; includeInIndex = 0; path = bevolvAppTests.xctest; sourceTree = BUILT_PRODUCTS_DIR; };
		910219B92BAEE2FE00490492 /* bevolvAppTests.swift */ = {isa = PBXFileReference; lastKnownFileType = sourcecode.swift; path = bevolvAppTests.swift; sourceTree = "<group>"; };
		910219BF2BAEE2FE00490492 /* bevolvAppUITests.xctest */ = {isa = PBXFileReference; explicitFileType = wrapper.cfbundle; includeInIndex = 0; path = bevolvAppUITests.xctest; sourceTree = BUILT_PRODUCTS_DIR; };
		910219C32BAEE2FE00490492 /* bevolvAppUITests.swift */ = {isa = PBXFileReference; lastKnownFileType = sourcecode.swift; path = bevolvAppUITests.swift; sourceTree = "<group>"; };
		910219C52BAEE2FE00490492 /* bevolvAppUITestsLaunchTests.swift */ = {isa = PBXFileReference; lastKnownFileType = sourcecode.swift; path = bevolvAppUITestsLaunchTests.swift; sourceTree = "<group>"; };
		911335132BB17BCE0048BECB /* Model.swift */ = {isa = PBXFileReference; lastKnownFileType = sourcecode.swift; path = Model.swift; sourceTree = "<group>"; };
		911335152BB17BEA0048BECB /* CircleImage.swift */ = {isa = PBXFileReference; lastKnownFileType = sourcecode.swift; path = CircleImage.swift; sourceTree = "<group>"; };
		911335172BB17C360048BECB /* ViewModel.swift */ = {isa = PBXFileReference; lastKnownFileType = sourcecode.swift; path = ViewModel.swift; sourceTree = "<group>"; };
/* End PBXFileReference section */

/* Begin PBXFrameworksBuildPhase section */
		910219A02BAEE2FC00490492 /* Frameworks */ = {
			isa = PBXFrameworksBuildPhase;
			buildActionMask = 2147483647;
			files = (
			);
			runOnlyForDeploymentPostprocessing = 0;
		};
		910219B22BAEE2FE00490492 /* Frameworks */ = {
			isa = PBXFrameworksBuildPhase;
			buildActionMask = 2147483647;
			files = (
			);
			runOnlyForDeploymentPostprocessing = 0;
		};
		910219BC2BAEE2FE00490492 /* Frameworks */ = {
			isa = PBXFrameworksBuildPhase;
			buildActionMask = 2147483647;
			files = (
			);
			runOnlyForDeploymentPostprocessing = 0;
		};
/* End PBXFrameworksBuildPhase section */

/* Begin PBXGroup section */
		9102199A2BAEE2FC00490492 = {
			isa = PBXGroup;
			children = (
				910219A52BAEE2FC00490492 /* bevolvApp */,
				910219B82BAEE2FE00490492 /* bevolvAppTests */,
				910219C22BAEE2FE00490492 /* bevolvAppUITests */,
				910219A42BAEE2FC00490492 /* Products */,
			);
			sourceTree = "<group>";
		};
		910219A42BAEE2FC00490492 /* Products */ = {
			isa = PBXGroup;
			children = (
				910219A32BAEE2FC00490492 /* bevolvApp.app */,
				910219B52BAEE2FE00490492 /* bevolvAppTests.xctest */,
				910219BF2BAEE2FE00490492 /* bevolvAppUITests.xctest */,
			);
			name = Products;
			sourceTree = "<group>";
		};
		910219A52BAEE2FC00490492 /* bevolvApp */ = {
			isa = PBXGroup;
			children = (
				910219A62BAEE2FC00490492 /* bevolvAppApp.swift */,
				910219A82BAEE2FC00490492 /* ContentView.swift */,
				910219AA2BAEE2FC00490492 /* detailedView.swift */,
				910219AC2BAEE2FE00490492 /* Assets.xcassets */,
				910219AE2BAEE2FE00490492 /* Preview Content */,
				911335132BB17BCE0048BECB /* Model.swift */,
				911335152BB17BEA0048BECB /* CircleImage.swift */,
				911335172BB17C360048BECB /* ViewModel.swift */,
			);
			path = bevolvApp;
			sourceTree = "<group>";
		};
		910219AE2BAEE2FE00490492 /* Preview Content */ = {
			isa = PBXGroup;
			children = (
				910219AF2BAEE2FE00490492 /* Preview Assets.xcassets */,
			);
			path = "Preview Content";
			sourceTree = "<group>";
		};
		910219B82BAEE2FE00490492 /* bevolvAppTests */ = {
			isa = PBXGroup;
			children = (
				910219B92BAEE2FE00490492 /* bevolvAppTests.swift */,
			);
			path = bevolvAppTests;
			sourceTree = "<group>";
		};
		910219C22BAEE2FE00490492 /* bevolvAppUITests */ = {
			isa = PBXGroup;
			children = (
				910219C32BAEE2FE00490492 /* bevolvAppUITests.swift */,
				910219C52BAEE2FE00490492 /* bevolvAppUITestsLaunchTests.swift */,
			);
			path = bevolvAppUITests;
			sourceTree = "<group>";
		};
/* End PBXGroup section */

/* Begin PBXNativeTarget section */
		910219A22BAEE2FC00490492 /* bevolvApp */ = {
			isa = PBXNativeTarget;
			buildConfigurationList = 910219C92BAEE2FE00490492 /* Build configuration list for PBXNativeTarget "bevolvApp" */;
			buildPhases = (
				9102199F2BAEE2FC00490492 /* Sources */,
				910219A02BAEE2FC00490492 /* Frameworks */,
				910219A12BAEE2FC00490492 /* Resources */,
			);
			buildRules = (
			);
			dependencies = (
			);
			name = bevolvApp;
			productName = bevolvApp;
			productReference = 910219A32BAEE2FC00490492 /* bevolvApp.app */;
			productType = "com.apple.product-type.application";
		};
		910219B42BAEE2FE00490492 /* bevolvAppTests */ = {
			isa = PBXNativeTarget;
			buildConfigurationList = 910219CC2BAEE2FE00490492 /* Build configuration list for PBXNativeTarget "bevolvAppTests" */;
			buildPhases = (
				910219B12BAEE2FE00490492 /* Sources */,
				910219B22BAEE2FE00490492 /* Frameworks */,
				910219B32BAEE2FE00490492 /* Resources */,
			);
			buildRules = (
			);
			dependencies = (
				910219B72BAEE2FE00490492 /* PBXTargetDependency */,
			);
			name = bevolvAppTests;
			productName = bevolvAppTests;
			productReference = 910219B52BAEE2FE00490492 /* bevolvAppTests.xctest */;
			productType = "com.apple.product-type.bundle.unit-test";
		};
		910219BE2BAEE2FE00490492 /* bevolvAppUITests */ = {
			isa = PBXNativeTarget;
			buildConfigurationList = 910219CF2BAEE2FE00490492 /* Build configuration list for PBXNativeTarget "bevolvAppUITests" */;
			buildPhases = (
				910219BB2BAEE2FE00490492 /* Sources */,
				910219BC2BAEE2FE00490492 /* Frameworks */,
				910219BD2BAEE2FE00490492 /* Resources */,
			);
			buildRules = (
			);
			dependencies = (
				910219C12BAEE2FE00490492 /* PBXTargetDependency */,
			);
			name = bevolvAppUITests;
			productName = bevolvAppUITests;
			productReference = 910219BF2BAEE2FE00490492 /* bevolvAppUITests.xctest */;
			productType = "com.apple.product-type.bundle.ui-testing";
		};
/* End PBXNativeTarget section */

/* Begin PBXProject section */
		9102199B2BAEE2FC00490492 /* Project object */ = {
			isa = PBXProject;
			attributes = {
				BuildIndependentTargetsInParallel = 1;
				LastSwiftUpdateCheck = 1500;
				LastUpgradeCheck = 1500;
				TargetAttributes = {
					910219A22BAEE2FC00490492 = {
						CreatedOnToolsVersion = 15.0;
					};
					910219B42BAEE2FE00490492 = {
						CreatedOnToolsVersion = 15.0;
						TestTargetID = 910219A22BAEE2FC00490492;
					};
					910219BE2BAEE2FE00490492 = {
						CreatedOnToolsVersion = 15.0;
						TestTargetID = 910219A22BAEE2FC00490492;
					};
				};
			};
			buildConfigurationList = 9102199E2BAEE2FC00490492 /* Build configuration list for PBXProject "bevolvApp" */;
			compatibilityVersion = "Xcode 14.0";
			developmentRegion = en;
			hasScannedForEncodings = 0;
			knownRegions = (
				en,
				Base,
			);
			mainGroup = 9102199A2BAEE2FC00490492;
			productRefGroup = 910219A42BAEE2FC00490492 /* Products */;
			projectDirPath = "";
			projectRoot = "";
			targets = (
				910219A22BAEE2FC00490492 /* bevolvApp */,
				910219B42BAEE2FE00490492 /* bevolvAppTests */,
				910219BE2BAEE2FE00490492 /* bevolvAppUITests */,
			);
		};
/* End PBXProject section */

/* Begin PBXResourcesBuildPhase section */
		910219A12BAEE2FC00490492 /* Resources */ = {
			isa = PBXResourcesBuildPhase;
			buildActionMask = 2147483647;
			files = (
				910219B02BAEE2FE00490492 /* Preview Assets.xcassets in Resources */,
				910219AD2BAEE2FE00490492 /* Assets.xcassets in Resources */,
			);
			runOnlyForDeploymentPostprocessing = 0;
		};
		910219B32BAEE2FE00490492 /* Resources */ = {
			isa = PBXResourcesBuildPhase;
			buildActionMask = 2147483647;
			files = (
			);
			runOnlyForDeploymentPostprocessing = 0;
		};
		910219BD2BAEE2FE00490492 /* Resources */ = {
			isa = PBXResourcesBuildPhase;
			buildActionMask = 2147483647;
			files = (
			);
			runOnlyForDeploymentPostprocessing = 0;
		};
/* End PBXResourcesBuildPhase section */

/* Begin PBXSourcesBuildPhase section */
		9102199F2BAEE2FC00490492 /* Sources */ = {
			isa = PBXSourcesBuildPhase;
			buildActionMask = 2147483647;
			files = (
				910219A92BAEE2FC00490492 /* ContentView.swift in Sources */,
				910219AB2BAEE2FC00490492 /* detailedView.swift in Sources */,
				911335162BB17BEA0048BECB /* CircleImage.swift in Sources */,
				910219A72BAEE2FC00490492 /* bevolvAppApp.swift in Sources */,
				911335182BB17C360048BECB /* ViewModel.swift in Sources */,
				911335142BB17BCE0048BECB /* Model.swift in Sources */,
			);
			runOnlyForDeploymentPostprocessing = 0;
		};
		910219B12BAEE2FE00490492 /* Sources */ = {
			isa = PBXSourcesBuildPhase;
			buildActionMask = 2147483647;
			files = (
				910219BA2BAEE2FE00490492 /* bevolvAppTests.swift in Sources */,
			);
			runOnlyForDeploymentPostprocessing = 0;
		};
		910219BB2BAEE2FE00490492 /* Sources */ = {
			isa = PBXSourcesBuildPhase;
			buildActionMask = 2147483647;
			files = (
				910219C62BAEE2FE00490492 /* bevolvAppUITestsLaunchTests.swift in Sources */,
				910219C42BAEE2FE00490492 /* bevolvAppUITests.swift in Sources */,
			);
			runOnlyForDeploymentPostprocessing = 0;
		};
/* End PBXSourcesBuildPhase section */

/* Begin PBXTargetDependency section */
		910219B72BAEE2FE00490492 /* PBXTargetDependency */ = {
			isa = PBXTargetDependency;
			target = 910219A22BAEE2FC00490492 /* bevolvApp */;
			targetProxy = 910219B62BAEE2FE00490492 /* PBXContainerItemProxy */;
		};
		910219C12BAEE2FE00490492 /* PBXTargetDependency */ = {
			isa = PBXTargetDependency;
			target = 910219A22BAEE2FC00490492 /* bevolvApp */;
			targetProxy = 910219C02BAEE2FE00490492 /* PBXContainerItemProxy */;
		};
/* End PBXTargetDependency section */

/* Begin XCBuildConfiguration section */
		910219C72BAEE2FE00490492 /* Debug */ = {
			isa = XCBuildConfiguration;
			buildSettings = {
				ALWAYS_SEARCH_USER_PATHS = NO;
				ASSETCATALOG_COMPILER_GENERATE_SWIFT_ASSET_SYMBOL_EXTENSIONS = YES;
				CLANG_ANALYZER_NONNULL = YES;
				CLANG_ANALYZER_NUMBER_OBJECT_CONVERSION = YES_AGGRESSIVE;
				CLANG_CXX_LANGUAGE_STANDARD = "gnu++20";
				CLANG_ENABLE_MODULES = YES;
				CLANG_ENABLE_OBJC_ARC = YES;
				CLANG_ENABLE_OBJC_WEAK = YES;
				CLANG_WARN_BLOCK_CAPTURE_AUTORELEASING = YES;
				CLANG_WARN_BOOL_CONVERSION = YES;
				CLANG_WARN_COMMA = YES;
				CLANG_WARN_CONSTANT_CONVERSION = YES;
				CLANG_WARN_DEPRECATED_OBJC_IMPLEMENTATIONS = YES;
				CLANG_WARN_DIRECT_OBJC_ISA_USAGE = YES_ERROR;
				CLANG_WARN_DOCUMENTATION_COMMENTS = YES;
				CLANG_WARN_EMPTY_BODY = YES;
				CLANG_WARN_ENUM_CONVERSION = YES;
				CLANG_WARN_INFINITE_RECURSION = YES;
				CLANG_WARN_INT_CONVERSION = YES;
				CLANG_WARN_NON_LITERAL_NULL_CONVERSION = YES;
				CLANG_WARN_OBJC_IMPLICIT_RETAIN_SELF = YES;
				CLANG_WARN_OBJC_LITERAL_CONVERSION = YES;
				CLANG_WARN_OBJC_ROOT_CLASS = YES_ERROR;
				CLANG_WARN_QUOTED_INCLUDE_IN_FRAMEWORK_HEADER = YES;
				CLANG_WARN_RANGE_LOOP_ANALYSIS = YES;
				CLANG_WARN_STRICT_PROTOTYPES = YES;
				CLANG_WARN_SUSPICIOUS_MOVE = YES;
				CLANG_WARN_UNGUARDED_AVAILABILITY = YES_AGGRESSIVE;
				CLANG_WARN_UNREACHABLE_CODE = YES;
				CLANG_WARN__DUPLICATE_METHOD_MATCH = YES;
				COPY_PHASE_STRIP = NO;
				DEBUG_INFORMATION_FORMAT = dwarf;
				ENABLE_STRICT_OBJC_MSGSEND = YES;
				ENABLE_TESTABILITY = YES;
				ENABLE_USER_SCRIPT_SANDBOXING = YES;
				GCC_C_LANGUAGE_STANDARD = gnu17;
				GCC_DYNAMIC_NO_PIC = NO;
				GCC_NO_COMMON_BLOCKS = YES;
				GCC_OPTIMIZATION_LEVEL = 0;
				GCC_PREPROCESSOR_DEFINITIONS = (
					"DEBUG=1",
					"$(inherited)",
				);
				GCC_WARN_64_TO_32_BIT_CONVERSION = YES;
				GCC_WARN_ABOUT_RETURN_TYPE = YES_ERROR;
				GCC_WARN_UNDECLARED_SELECTOR = YES;
				GCC_WARN_UNINITIALIZED_AUTOS = YES_AGGRESSIVE;
				GCC_WARN_UNUSED_FUNCTION = YES;
				GCC_WARN_UNUSED_VARIABLE = YES;
				IPHONEOS_DEPLOYMENT_TARGET = 17.0;
				LOCALIZATION_PREFERS_STRING_CATALOGS = YES;
				MTL_ENABLE_DEBUG_INFO = INCLUDE_SOURCE;
				MTL_FAST_MATH = YES;
				ONLY_ACTIVE_ARCH = YES;
				SDKROOT = iphoneos;
				SWIFT_ACTIVE_COMPILATION_CONDITIONS = "DEBUG $(inherited)";
				SWIFT_OPTIMIZATION_LEVEL = "-Onone";
			};
			name = Debug;
		};
		910219C82BAEE2FE00490492 /* Release */ = {
			isa = XCBuildConfiguration;
			buildSettings = {
				ALWAYS_SEARCH_USER_PATHS = NO;
				ASSETCATALOG_COMPILER_GENERATE_SWIFT_ASSET_SYMBOL_EXTENSIONS = YES;
				CLANG_ANALYZER_NONNULL = YES;
				CLANG_ANALYZER_NUMBER_OBJECT_CONVERSION = YES_AGGRESSIVE;
				CLANG_CXX_LANGUAGE_STANDARD = "gnu++20";
				CLANG_ENABLE_MODULES = YES;
				CLANG_ENABLE_OBJC_ARC = YES;
				CLANG_ENABLE_OBJC_WEAK = YES;
				CLANG_WARN_BLOCK_CAPTURE_AUTORELEASING = YES;
				CLANG_WARN_BOOL_CONVERSION = YES;
				CLANG_WARN_COMMA = YES;
				CLANG_WARN_CONSTANT_CONVERSION = YES;
				CLANG_WARN_DEPRECATED_OBJC_IMPLEMENTATIONS = YES;
				CLANG_WARN_DIRECT_OBJC_ISA_USAGE = YES_ERROR;
				CLANG_WARN_DOCUMENTATION_COMMENTS = YES;
				CLANG_WARN_EMPTY_BODY = YES;
				CLANG_WARN_ENUM_CONVERSION = YES;
				CLANG_WARN_INFINITE_RECURSION = YES;
				CLANG_WARN_INT_CONVERSION = YES;
				CLANG_WARN_NON_LITERAL_NULL_CONVERSION = YES;
				CLANG_WARN_OBJC_IMPLICIT_RETAIN_SELF = YES;
				CLANG_WARN_OBJC_LITERAL_CONVERSION = YES;
				CLANG_WARN_OBJC_ROOT_CLASS = YES_ERROR;
				CLANG_WARN_QUOTED_INCLUDE_IN_FRAMEWORK_HEADER = YES;
				CLANG_WARN_RANGE_LOOP_ANALYSIS = YES;
				CLANG_WARN_STRICT_PROTOTYPES = YES;
				CLANG_WARN_SUSPICIOUS_MOVE = YES;
				CLANG_WARN_UNGUARDED_AVAILABILITY = YES_AGGRESSIVE;
				CLANG_WARN_UNREACHABLE_CODE = YES;
				CLANG_WARN__DUPLICATE_METHOD_MATCH = YES;
				COPY_PHASE_STRIP = NO;
				DEBUG_INFORMATION_FORMAT = "dwarf-with-dsym";
				ENABLE_NS_ASSERTIONS = NO;
				ENABLE_STRICT_OBJC_MSGSEND = YES;
				ENABLE_USER_SCRIPT_SANDBOXING = YES;
				GCC_C_LANGUAGE_STANDARD = gnu17;
				GCC_NO_COMMON_BLOCKS = YES;
				GCC_WARN_64_TO_32_BIT_CONVERSION = YES;
				GCC_WARN_ABOUT_RETURN_TYPE = YES_ERROR;
				GCC_WARN_UNDECLARED_SELECTOR = YES;
				GCC_WARN_UNINITIALIZED_AUTOS = YES_AGGRESSIVE;
				GCC_WARN_UNUSED_FUNCTION = YES;
				GCC_WARN_UNUSED_VARIABLE = YES;
				IPHONEOS_DEPLOYMENT_TARGET = 17.0;
				LOCALIZATION_PREFERS_STRING_CATALOGS = YES;
				MTL_ENABLE_DEBUG_INFO = NO;
				MTL_FAST_MATH = YES;
				SDKROOT = iphoneos;
				SWIFT_COMPILATION_MODE = wholemodule;
				VALIDATE_PRODUCT = YES;
			};
			name = Release;
		};
		910219CA2BAEE2FE00490492 /* Debug */ = {
			isa = XCBuildConfiguration;
			buildSettings = {
				ASSETCATALOG_COMPILER_APPICON_NAME = AppIcon;
				ASSETCATALOG_COMPILER_GLOBAL_ACCENT_COLOR_NAME = AccentColor;
				CODE_SIGN_STYLE = Automatic;
				CURRENT_PROJECT_VERSION = 1;
				DEVELOPMENT_ASSET_PATHS = "\"bevolvApp/Preview Content\"";
				ENABLE_PREVIEWS = YES;
				GENERATE_INFOPLIST_FILE = YES;
				INFOPLIST_KEY_UIApplicationSceneManifest_Generation = YES;
				INFOPLIST_KEY_UIApplicationSupportsIndirectInputEvents = YES;
				INFOPLIST_KEY_UILaunchScreen_Generation = YES;
				INFOPLIST_KEY_UISupportedInterfaceOrientations_iPad = "UIInterfaceOrientationPortrait UIInterfaceOrientationPortraitUpsideDown UIInterfaceOrientationLandscapeLeft UIInterfaceOrientationLandscapeRight";
				INFOPLIST_KEY_UISupportedInterfaceOrientations_iPhone = "UIInterfaceOrientationPortrait UIInterfaceOrientationLandscapeLeft UIInterfaceOrientationLandscapeRight";
				LD_RUNPATH_SEARCH_PATHS = (
					"$(inherited)",
					"@executable_path/Frameworks",
				);
				MARKETING_VERSION = 1.0;
				PRODUCT_BUNDLE_IDENTIFIER = bevolv.bevolvApp;
				PRODUCT_NAME = "$(TARGET_NAME)";
				SWIFT_EMIT_LOC_STRINGS = YES;
				SWIFT_VERSION = 5.0;
				TARGETED_DEVICE_FAMILY = "1,2";
			};
			name = Debug;
		};
		910219CB2BAEE2FE00490492 /* Release */ = {
			isa = XCBuildConfiguration;
			buildSettings = {
				ASSETCATALOG_COMPILER_APPICON_NAME = AppIcon;
				ASSETCATALOG_COMPILER_GLOBAL_ACCENT_COLOR_NAME = AccentColor;
				CODE_SIGN_STYLE = Automatic;
				CURRENT_PROJECT_VERSION = 1;
				DEVELOPMENT_ASSET_PATHS = "\"bevolvApp/Preview Content\"";
				ENABLE_PREVIEWS = YES;
				GENERATE_INFOPLIST_FILE = YES;
				INFOPLIST_KEY_UIApplicationSceneManifest_Generation = YES;
				INFOPLIST_KEY_UIApplicationSupportsIndirectInputEvents = YES;
				INFOPLIST_KEY_UILaunchScreen_Generation = YES;
				INFOPLIST_KEY_UISupportedInterfaceOrientations_iPad = "UIInterfaceOrientationPortrait UIInterfaceOrientationPortraitUpsideDown UIInterfaceOrientationLandscapeLeft UIInterfaceOrientationLandscapeRight";
				INFOPLIST_KEY_UISupportedInterfaceOrientations_iPhone = "UIInterfaceOrientationPortrait UIInterfaceOrientationLandscapeLeft UIInterfaceOrientationLandscapeRight";
				LD_RUNPATH_SEARCH_PATHS = (
					"$(inherited)",
					"@executable_path/Frameworks",
				);
				MARKETING_VERSION = 1.0;
				PRODUCT_BUNDLE_IDENTIFIER = bevolv.bevolvApp;
				PRODUCT_NAME = "$(TARGET_NAME)";
				SWIFT_EMIT_LOC_STRINGS = YES;
				SWIFT_VERSION = 5.0;
				TARGETED_DEVICE_FAMILY = "1,2";
			};
			name = Release;
		};
		910219CD2BAEE2FE00490492 /* Debug */ = {
			isa = XCBuildConfiguration;
			buildSettings = {
				ALWAYS_EMBED_SWIFT_STANDARD_LIBRARIES = YES;
				BUNDLE_LOADER = "$(TEST_HOST)";
				CODE_SIGN_STYLE = Automatic;
				CURRENT_PROJECT_VERSION = 1;
				GENERATE_INFOPLIST_FILE = YES;
				IPHONEOS_DEPLOYMENT_TARGET = 17.0;
				MARKETING_VERSION = 1.0;
				PRODUCT_BUNDLE_IDENTIFIER = bevolv.bevolvAppTests;
				PRODUCT_NAME = "$(TARGET_NAME)";
				SWIFT_EMIT_LOC_STRINGS = NO;
				SWIFT_VERSION = 5.0;
				TARGETED_DEVICE_FAMILY = "1,2";
				TEST_HOST = "$(BUILT_PRODUCTS_DIR)/bevolvApp.app/$(BUNDLE_EXECUTABLE_FOLDER_PATH)/bevolvApp";
			};
			name = Debug;
		};
		910219CE2BAEE2FE00490492 /* Release */ = {
			isa = XCBuildConfiguration;
			buildSettings = {
				ALWAYS_EMBED_SWIFT_STANDARD_LIBRARIES = YES;
				BUNDLE_LOADER = "$(TEST_HOST)";
				CODE_SIGN_STYLE = Automatic;
				CURRENT_PROJECT_VERSION = 1;
				GENERATE_INFOPLIST_FILE = YES;
				IPHONEOS_DEPLOYMENT_TARGET = 17.0;
				MARKETING_VERSION = 1.0;
				PRODUCT_BUNDLE_IDENTIFIER = bevolv.bevolvAppTests;
				PRODUCT_NAME = "$(TARGET_NAME)";
				SWIFT_EMIT_LOC_STRINGS = NO;
				SWIFT_VERSION = 5.0;
				TARGETED_DEVICE_FAMILY = "1,2";
				TEST_HOST = "$(BUILT_PRODUCTS_DIR)/bevolvApp.app/$(BUNDLE_EXECUTABLE_FOLDER_PATH)/bevolvApp";
			};
			name = Release;
		};
		910219D02BAEE2FE00490492 /* Debug */ = {
			isa = XCBuildConfiguration;
			buildSettings = {
				ALWAYS_EMBED_SWIFT_STANDARD_LIBRARIES = YES;
				CODE_SIGN_STYLE = Automatic;
				CURRENT_PROJECT_VERSION = 1;
				GENERATE_INFOPLIST_FILE = YES;
				MARKETING_VERSION = 1.0;
				PRODUCT_BUNDLE_IDENTIFIER = bevolv.bevolvAppUITests;
				PRODUCT_NAME = "$(TARGET_NAME)";
				SWIFT_EMIT_LOC_STRINGS = NO;
				SWIFT_VERSION = 5.0;
				TARGETED_DEVICE_FAMILY = "1,2";
				TEST_TARGET_NAME = bevolvApp;
			};
			name = Debug;
		};
		910219D12BAEE2FE00490492 /* Release */ = {
			isa = XCBuildConfiguration;
			buildSettings = {
				ALWAYS_EMBED_SWIFT_STANDARD_LIBRARIES = YES;
				CODE_SIGN_STYLE = Automatic;
				CURRENT_PROJECT_VERSION = 1;
				GENERATE_INFOPLIST_FILE = YES;
				MARKETING_VERSION = 1.0;
				PRODUCT_BUNDLE_IDENTIFIER = bevolv.bevolvAppUITests;
				PRODUCT_NAME = "$(TARGET_NAME)";
				SWIFT_EMIT_LOC_STRINGS = NO;
				SWIFT_VERSION = 5.0;
				TARGETED_DEVICE_FAMILY = "1,2";
				TEST_TARGET_NAME = bevolvApp;
			};
			name = Release;
		};
/* End XCBuildConfiguration section */

/* Begin XCConfigurationList section */
		9102199E2BAEE2FC00490492 /* Build configuration list for PBXProject "bevolvApp" */ = {
			isa = XCConfigurationList;
			buildConfigurations = (
				910219C72BAEE2FE00490492 /* Debug */,
				910219C82BAEE2FE00490492 /* Release */,
			);
			defaultConfigurationIsVisible = 0;
			defaultConfigurationName = Release;
		};
		910219C92BAEE2FE00490492 /* Build configuration list for PBXNativeTarget "bevolvApp" */ = {
			isa = XCConfigurationList;
			buildConfigurations = (
				910219CA2BAEE2FE00490492 /* Debug */,
				910219CB2BAEE2FE00490492 /* Release */,
			);
			defaultConfigurationIsVisible = 0;
			defaultConfigurationName = Release;
		};
		910219CC2BAEE2FE00490492 /* Build configuration list for PBXNativeTarget "bevolvAppTests" */ = {
			isa = XCConfigurationList;
			buildConfigurations = (
				910219CD2BAEE2FE00490492 /* Debug */,
				910219CE2BAEE2FE00490492 /* Release */,
			);
			defaultConfigurationIsVisible = 0;
			defaultConfigurationName = Release;
		};
		910219CF2BAEE2FE00490492 /* Build configuration list for PBXNativeTarget "bevolvAppUITests" */ = {
			isa = XCConfigurationList;
			buildConfigurations = (
				910219D02BAEE2FE00490492 /* Debug */,
				910219D12BAEE2FE00490492 /* Release */,
			);
			defaultConfigurationIsVisible = 0;
			defaultConfigurationName = Release;
		};
/* End XCConfigurationList section */
	};
	rootObject = 9102199B2BAEE2FC00490492 /* Project object */;
}
